
Microsoft Visual Studio Solution File, Format Version 12.00
# Visual Studio Version 17
VisualStudioVersion = 17.11.35312.102
MinimumVisualStudioVersion = 10.0.40219.1
Project("{FAE04EC0-301F-11D3-BF4B-00C04F79EFBC}") = "STBR_Framework", "STBR_Framework\STBR_Framework.csproj", "{3EDF5955-9E86-449F-A998-07160887D34F}"
EndProject
Project("{FAE04EC0-301F-11D3-BF4B-00C04F79EFBC}") = "ST_Extensions", "ST_Extensions\ST_Extensions.csproj", "{A521A1AD-C1B0-4D46-98CE-E68BC1047539}"
EndProject
Project("{FAE04EC0-301F-11D3-BF4B-00C04F79EFBC}") = "ST_Database", "ST_Database\ST_Database.csproj", "{288207C4-70C7-4EE7-9FA8-924A4429D1B4}"
EndProject
Global
	GlobalSection(SolutionConfigurationPlatforms) = preSolution
		Debug|Any CPU = Debug|Any CPU
		Release|Any CPU = Release|Any CPU
	EndGlobalSection
	GlobalSection(ProjectConfigurationPlatforms) = postSolution
		{3EDF5955-9E86-449F-A998-07160887D34F}.Debug|Any CPU.ActiveCfg = Debug|Any CPU
		{3EDF5955-9E86-449F-A998-07160887D34F}.Debug|Any CPU.Build.0 = Debug|Any CPU
		{3EDF5955-9E86-449F-A998-07160887D34F}.Release|Any CPU.ActiveCfg = Release|Any CPU
		{3EDF5955-9E86-449F-A998-07160887D34F}.Release|Any CPU.Build.0 = Release|Any CPU
		{A521A1AD-C1B0-4D46-98CE-E68BC1047539}.Debug|Any CPU.ActiveCfg = Debug|Any CPU
		{A521A1AD-C1B0-4D46-98CE-E68BC1047539}.Debug|Any CPU.Build.0 = Debug|Any CPU
		{A521A1AD-C1B0-4D46-98CE-E68BC1047539}.Release|Any CPU.ActiveCfg = Release|Any CPU
		{A521A1AD-C1B0-4D46-98CE-E68BC1047539}.Release|Any CPU.Build.0 = Release|Any CPU
		{288207C4-70C7-4EE7-9FA8-924A4429D1B4}.Debug|Any CPU.ActiveCfg = Debug|Any CPU
		{288207C4-70C7-4EE7-9FA8-924A4429D1B4}.Debug|Any CPU.Build.0 = Debug|Any CPU
		{288207C4-70C7-4EE7-9FA8-924A4429D1B4}.Release|Any CPU.ActiveCfg = Release|Any CPU
		{288207C4-70C7-4EE7-9FA8-924A4429D1B4}.Release|Any CPU.Build.0 = Release|Any CPU
	EndGlobalSection
	GlobalSection(SolutionProperties) = preSolution
		HideSolutionNode = FALSE
	EndGlobalSection
	GlobalSection(ExtensibilityGlobals) = postSolution
		SolutionGuid = {98DF31CB-50FF-4EDB-BA45-D0C7EB37C428}
	EndGlobalSection
EndGlobal
